<?xml version="1.0" encoding="utf-8"?>
<Project ToolsVersion="4.0" xmlns="http://schemas.microsoft.com/developer/msbuild/2003">
  <ItemGroup>
    <Filter Include="00. System">
      <UniqueIdentifier>{7f93c88a-26eb-48a7-81d8-5ad6dca653c5}</UniqueIdentifier>
    </Filter>
    <Filter Include="01. Utility">
      <UniqueIdentifier>{603d7b35-d1c4-4406-98a0-b46fe23e3dd6}</UniqueIdentifier>
    </Filter>
    <Filter Include="99. Defines">
      <UniqueIdentifier>{110c5784-ea52-4bea-a200-3b14b6571c3d}</UniqueIdentifier>
    </Filter>
    <Filter Include="01. Utility\99. SuperClass">
      <UniqueIdentifier>{0b34d413-9fbf-4d90-bb4a-2924e8b09d13}</UniqueIdentifier>
    </Filter>
    <Filter Include="01. Utility\99. SuperClass\Base">
      <UniqueIdentifier>{7afb7f1f-b824-4e03-8ca0-b41cf02394bc}</UniqueIdentifier>
    </Filter>
    <Filter Include="00. System\00. Timer">
      <UniqueIdentifier>{d976e3c7-8df8-4807-be08-69f1f976f798}</UniqueIdentifier>
    </Filter>
    <Filter Include="00. System\00. Timer\Manager">
      <UniqueIdentifier>{bcbcb3ca-58c7-4674-9445-4a067b448904}</UniqueIdentifier>
    </Filter>
    <Filter Include="01. Utility\00. GameInstance">
      <UniqueIdentifier>{8ba6f8f7-d2dd-4352-8af7-a580492e6838}</UniqueIdentifier>
    </Filter>
    <Filter Include="00. System\01. Device">
      <UniqueIdentifier>{0c603904-d07e-4b80-80c8-d11467777cd8}</UniqueIdentifier>
    </Filter>
    <Filter Include="00. System\01. Device\Graphic">
      <UniqueIdentifier>{ddb56640-c45f-4e57-a68e-b59f7255d3ec}</UniqueIdentifier>
    </Filter>
    <Filter Include="01. Utility\01. Level">
      <UniqueIdentifier>{ecdb307d-63ce-4c45-87f9-259344608dbf}</UniqueIdentifier>
    </Filter>
    <Filter Include="01. Utility\01. Level\Manager">
      <UniqueIdentifier>{615411ec-23bb-43e3-9660-0ee294e6ffc8}</UniqueIdentifier>
    </Filter>
    <Filter Include="01. Utility\02. Prototype">
      <UniqueIdentifier>{cc111952-3463-418a-a04f-80548306db6c}</UniqueIdentifier>
    </Filter>
    <Filter Include="01. Utility\02. Prototype\Manager">
      <UniqueIdentifier>{6ac678ba-2d77-42cb-8c16-2ac965a1ed92}</UniqueIdentifier>
    </Filter>
    <Filter Include="01. Utility\03. GameObject">
      <UniqueIdentifier>{51f9d41f-272d-4201-8b53-1db09bfab5dd}</UniqueIdentifier>
    </Filter>
    <Filter Include="01. Utility\03. GameObject\Manager">
      <UniqueIdentifier>{a685a900-c466-40e6-b1ba-816aa23d59dc}</UniqueIdentifier>
    </Filter>
    <Filter Include="01. Utility\03. GameObject\Manager\Layer">
      <UniqueIdentifier>{e188c236-5a0b-4958-a0c7-6c7c337f0181}</UniqueIdentifier>
    </Filter>
    <Filter Include="01. Utility\99. SuperClass\Cloneable">
      <UniqueIdentifier>{70de1371-bd93-4df8-bef6-7aab3e749eb1}</UniqueIdentifier>
    </Filter>
    <Filter Include="01. Utility\05. Renderer">
      <UniqueIdentifier>{a31cb191-e1b0-487b-8c78-1896fd94560d}</UniqueIdentifier>
    </Filter>
    <Filter Include="01. Utility\04. Component">
      <UniqueIdentifier>{4a1aa01b-8115-4789-882f-fd5f82212cd0}</UniqueIdentifier>
    </Filter>
    <Filter Include="01. Utility\04. Component\Transform">
      <UniqueIdentifier>{e115dfc4-1179-41f7-a1d3-50036ed7115c}</UniqueIdentifier>
    </Filter>
    <Filter Include="01. Utility\04. Component\Texture">
      <UniqueIdentifier>{535c39c7-4841-49c5-afc5-8743be79ea65}</UniqueIdentifier>
    </Filter>
    <Filter Include="01. Utility\04. Component\VIBuffer">
      <UniqueIdentifier>{a5a929b2-5ee4-43ed-9336-332b6f931bb5}</UniqueIdentifier>
    </Filter>
    <Filter Include="01. Utility\04. Component\VIBuffer\Cube">
      <UniqueIdentifier>{5ed1e970-50a0-4d47-8e6e-5cf252fbfd21}</UniqueIdentifier>
    </Filter>
    <Filter Include="01. Utility\04. Component\VIBuffer\Rect">
      <UniqueIdentifier>{a452dc99-64f7-47a5-ad8f-b60bee03ca88}</UniqueIdentifier>
    </Filter>
    <Filter Include="01. Utility\04. Component\VIBuffer\Terrain">
      <UniqueIdentifier>{9d4f0896-3e08-410b-ae0d-d59f43028f23}</UniqueIdentifier>
    </Filter>
    <Filter Include="01. Utility\04. Component\Shader">
      <UniqueIdentifier>{cb1f63da-2101-4fe8-9dc3-445ab4c2c877}</UniqueIdentifier>
    </Filter>
    <Filter Include="01. Utility\03. GameObject\UIObject">
      <UniqueIdentifier>{e687ec3e-82b8-4377-afe9-b78bc2d989c7}</UniqueIdentifier>
    </Filter>
    <Filter Include="01. Utility\06. PipeLine">
      <UniqueIdentifier>{0df87c7e-9554-4d3d-b9e4-8a56d232432d}</UniqueIdentifier>
    </Filter>
    <Filter Include="01. Utility\03. GameObject\Camera">
      <UniqueIdentifier>{5fc26f20-5cc1-45d9-b855-1da94fe7c2b8}</UniqueIdentifier>
    </Filter>
    <Filter Include="00. System\01. Device\Input">
      <UniqueIdentifier>{dbc75c46-88bc-4411-9219-fc26e0ee703d}</UniqueIdentifier>
    </Filter>
    <Filter Include="01. Utility\07. Light">
      <UniqueIdentifier>{ffdc1044-65e8-4a96-8c26-c94e3c0304c2}</UniqueIdentifier>
    </Filter>
    <Filter Include="01. Utility\07. Light\Manager">
      <UniqueIdentifier>{39e98fa2-8390-4471-b22f-f55862f543dc}</UniqueIdentifier>
    </Filter>
    <Filter Include="01. Utility\03. GameObject\Container">
      <UniqueIdentifier>{0245403c-5e45-4b21-a93b-fbea8741de02}</UniqueIdentifier>
    </Filter>
    <Filter Include="01. Utility\03. GameObject\Container\Part">
      <UniqueIdentifier>{d3d8efe4-bb5a-424b-9ad7-96d37f50970e}</UniqueIdentifier>
    </Filter>
    <Filter Include="01. Utility\04. Component\Navigation">
      <UniqueIdentifier>{940d7138-a328-4f0c-827b-c0059007977f}</UniqueIdentifier>
    </Filter>
    <Filter Include="01. Utility\04. Component\Navigation\Cell">
      <UniqueIdentifier>{d9be5085-7f98-4288-ac4c-796c278dbc1f}</UniqueIdentifier>
    </Filter>
    <Filter Include="01. Utility\04. Component\VIBuffer\Cell">
      <UniqueIdentifier>{684567c9-819e-403f-961b-548717f65d7f}</UniqueIdentifier>
    </Filter>
    <Filter Include="02. ShaderFiles">
      <UniqueIdentifier>{a249bb84-941f-4932-ab53-616ef099a34f}</UniqueIdentifier>
    </Filter>
    <Filter Include="01. Utility\04. Component\Collider">
      <UniqueIdentifier>{3b39353c-7486-415d-8ffd-25e15073a626}</UniqueIdentifier>
    </Filter>
    <Filter Include="01. Utility\04. Component\Collider\Bounding">
      <UniqueIdentifier>{67e7a6bc-a06b-4444-b7c4-81626d8234c2}</UniqueIdentifier>
    </Filter>
    <Filter Include="01. Utility\04. Component\Collider\DebugDraw">
      <UniqueIdentifier>{9c3e1db9-2140-4fa9-87f8-0c8434d2c075}</UniqueIdentifier>
    </Filter>
    <Filter Include="01. Utility\04. Component\Collider\01. AABB">
      <UniqueIdentifier>{e4127593-7cce-4b4e-a152-a390f7f79aa4}</UniqueIdentifier>
    </Filter>
    <Filter Include="01. Utility\04. Component\Collider\02. OBB">
      <UniqueIdentifier>{083792ca-c0c1-4f82-a655-a7bc199e59a7}</UniqueIdentifier>
    </Filter>
    <Filter Include="01. Utility\04. Component\Collider\03. Sphere">
      <UniqueIdentifier>{19fa3ebf-20b2-4f89-bd98-9cd49e78367e}</UniqueIdentifier>
    </Filter>
    <Filter Include="01. Utility\99. SuperClass\Shared">
      <UniqueIdentifier>{3c661e71-0c14-4d38-8a6c-74b68f06a4c2}</UniqueIdentifier>
    </Filter>
    <Filter Include="01. Utility\08. Fonts">
      <UniqueIdentifier>{737e0f9c-be83-4491-83b6-72601be6f786}</UniqueIdentifier>
    </Filter>
    <Filter Include="01. Utility\08. Fonts\Manager">
      <UniqueIdentifier>{2a3433ef-bcbd-4009-90af-8dc188f4e531}</UniqueIdentifier>
    </Filter>
    <Filter Include="01. Utility\04. Component\VIBuffer\Instancing_Particle">
      <UniqueIdentifier>{fa7b2839-1931-4b7a-9e5b-7667b78266b7}</UniqueIdentifier>
    </Filter>
    <Filter Include="01. Utility\04. Component\VIBuffer\Instancing_Particle\Rect%28Mesh%29">
      <UniqueIdentifier>{0fc19216-2d24-4b29-908e-31c644242436}</UniqueIdentifier>
    </Filter>
    <Filter Include="01. Utility\04. Component\VIBuffer\Instancing_Particle\Point%28GeometryShader%29">
      <UniqueIdentifier>{45a8d41a-1952-4f6d-b74e-51451c1aaaa1}</UniqueIdentifier>
    </Filter>
    <Filter Include="01. Utility\04. Component\Model">
      <UniqueIdentifier>{55f9105b-5fd7-482a-94ea-af99b1fc5427}</UniqueIdentifier>
    </Filter>
    <Filter Include="01. Utility\04. Component\Model\Mesh">
      <UniqueIdentifier>{c1ff1297-1265-4283-8ace-6c03c4e4fbb4}</UniqueIdentifier>
    </Filter>
    <Filter Include="01. Utility\04. Component\Model\Material">
      <UniqueIdentifier>{6be7ee1c-c1db-4aaf-9f70-f3186b28aa17}</UniqueIdentifier>
    </Filter>
    <Filter Include="01. Utility\04. Component\Model\Bone">
      <UniqueIdentifier>{a9c4b339-474e-4cf8-9fb6-2bfe30e8dae4}</UniqueIdentifier>
    </Filter>
    <Filter Include="01. Utility\04. Component\Model\Animation">
      <UniqueIdentifier>{e7206738-d9c9-430f-bc48-52e6721e8baa}</UniqueIdentifier>
    </Filter>
    <Filter Include="01. Utility\04. Component\Model\Animation\Channel">
      <UniqueIdentifier>{2e47d0f1-d794-435d-a18a-462fd67408e0}</UniqueIdentifier>
    </Filter>
    <Filter Include="00. System\02. DebugRender">
      <UniqueIdentifier>{54b399d2-5617-4699-865a-02239935873d}</UniqueIdentifier>
    </Filter>
    <Filter Include="01. Utility\09. RenderTargets">
      <UniqueIdentifier>{c8accb24-0b38-4c64-b03a-8a6075161960}</UniqueIdentifier>
    </Filter>
    <Filter Include="01. Utility\09. RenderTargets\Manager">
      <UniqueIdentifier>{37755657-0c17-4c04-91fc-a6d3e86726c8}</UniqueIdentifier>
    </Filter>
    <Filter Include="01. Utility\10. PixelPicking">
      <UniqueIdentifier>{3b993ac8-087d-4caa-b50e-0c761330b55a}</UniqueIdentifier>
    </Filter>
    <Filter Include="01. Utility\12. Collision">
      <UniqueIdentifier>{68074233-7f8b-40e4-ba13-ae8abb961335}</UniqueIdentifier>
    </Filter>
    <Filter Include="01. Utility\11. Shadow">
      <UniqueIdentifier>{37a3c5b5-49e8-4aaa-b56a-e0dbb5b2d5b1}</UniqueIdentifier>
    </Filter>
    <Filter Include="01. Utility\04. Component\VIBuffer\Sphere">
      <UniqueIdentifier>{9c6aea57-dcab-4d10-9f73-cc9a09e56f33}</UniqueIdentifier>
    </Filter>
    <Filter Include="00. System\03. Sound">
      <UniqueIdentifier>{2ab4cb26-b896-40d3-8985-e4e8a2c2ceda}</UniqueIdentifier>
    </Filter>
    <Filter Include="00. System\03. Sound\Manager">
      <UniqueIdentifier>{6012dd87-4569-4692-b84b-b0a9b6da3efb}</UniqueIdentifier>
    </Filter>
    <Filter Include="01. Utility\03. GameObject\Effect">
      <UniqueIdentifier>{c4ae6c17-5e21-4ffc-953c-14c946c1e12c}</UniqueIdentifier>
    </Filter>
    <Filter Include="01. Utility\03. GameObject\SpringArm">
      <UniqueIdentifier>{3c236041-bad8-414b-aa0d-cabb7f273946}</UniqueIdentifier>
    </Filter>
    <Filter Include="01. Utility\04. Component\Movement">
      <UniqueIdentifier>{f02c284d-b757-4ced-af39-f6a67afd44ba}</UniqueIdentifier>
    </Filter>
    <Filter Include="01. Utility\14. StateMachine">
      <UniqueIdentifier>{c16607cc-3cf9-41d8-8990-a3bff447a309}</UniqueIdentifier>
    </Filter>
    <Filter Include="01. Utility\14. StateMachine\AnimState">
      <UniqueIdentifier>{c00256b9-5fdf-42f5-bc31-8a30c545c0c0}</UniqueIdentifier>
    </Filter>
    <Filter Include="01. Utility\13. Event">
      <UniqueIdentifier>{da2e7f21-9050-47b2-83e2-80df6e7cfa4f}</UniqueIdentifier>
    </Filter>
    <Filter Include="01. Utility\04. Component\FSM">
      <UniqueIdentifier>{d03ea26e-6308-4138-8225-495792a55e06}</UniqueIdentifier>
    </Filter>
    <Filter Include="01. Utility\04. Component\FSM\State">
      <UniqueIdentifier>{443144dd-6908-49d7-8f24-4fc53b6d11fe}</UniqueIdentifier>
    </Filter>
    <Filter Include="01. Utility\04. Component\Physics">
      <UniqueIdentifier>{c2070b21-5985-4a26-a31e-b15ad8c690af}</UniqueIdentifier>
    </Filter>
    <Filter Include="01. Utility\15. Frustum">
      <UniqueIdentifier>{687627fa-aa92-4361-987a-5b35bf4f8c48}</UniqueIdentifier>
    </Filter>
    <Filter Include="01. Utility\04. Component\VIBuffer\Instancing_Mesh">
      <UniqueIdentifier>{dccab8ab-5afe-4232-aad0-ddb95ee914cf}</UniqueIdentifier>
    </Filter>
    <Filter Include="01. Utility\03. GameObject\Effect\MeshEffect">
      <UniqueIdentifier>{5cc63930-281c-4bcd-be37-8aaf9b8e8aad}</UniqueIdentifier>
    </Filter>
    <Filter Include="01. Utility\03. GameObject\Effect\SpriteEffect">
      <UniqueIdentifier>{bdda53fa-1e2e-4426-bf4e-47310cdb4a3b}</UniqueIdentifier>
    </Filter>
    <Filter Include="01. Utility\04. Component\Shader\Compute">
      <UniqueIdentifier>{bb769787-15ef-4fe6-8693-61e096156e32}</UniqueIdentifier>
    </Filter>
    <Filter Include="01. Utility\16. Input">
      <UniqueIdentifier>{5176b803-6690-4c9a-ab95-44bd441be410}</UniqueIdentifier>
    </Filter>
    <Filter Include="01. Utility\16. Input\00. InputBuffer">
      <UniqueIdentifier>{c2cd52b0-2c85-4dcf-b118-ec006e34f07d}</UniqueIdentifier>
    </Filter>
    <Filter Include="01. Utility\16. Input\01. InputGate">
      <UniqueIdentifier>{adacfcb2-3446-4ff8-a580-ab7b5d3782a9}</UniqueIdentifier>
    </Filter>
    <Filter Include="01. Utility\16. Input\99. Data">
      <UniqueIdentifier>{48d33ad8-bcc1-49bd-931f-ff548c818c1e}</UniqueIdentifier>
    </Filter>
    <Filter Include="01. Utility\04. Component\Physics\Manager">
      <UniqueIdentifier>{629f6ae5-9c86-4d9f-875c-4dbc0c980e94}</UniqueIdentifier>
    </Filter>
    <Filter Include="01. Utility\04. Component\Physics\Convex">
      <UniqueIdentifier>{df8169f5-ffd9-4402-b59e-b4ddbcaacf11}</UniqueIdentifier>
    </Filter>
    <Filter Include="01. Utility\04. Component\Physics\Capsule">
      <UniqueIdentifier>{870db075-2f3d-43c3-babe-dc755f045d01}</UniqueIdentifier>
    </Filter>
    <Filter Include="01. Utility\04. Component\Physics\Mesh">
      <UniqueIdentifier>{3cc16e77-c4c0-446a-beb0-ea706069d8cd}</UniqueIdentifier>
    </Filter>
    <Filter Include="01. Utility\04. Component\Physics\Sphere">
      <UniqueIdentifier>{4c9d6720-aed1-40dc-ba34-af016f4c9d39}</UniqueIdentifier>
    </Filter>
    <Filter Include="01. Utility\04. Component\Physics\Controller">
      <UniqueIdentifier>{d0068b8c-7e87-4f88-beb7-ea7af1e68aab}</UniqueIdentifier>
    </Filter>
    <Filter Include="01. Utility\04. Component\Physics\Chunk">
      <UniqueIdentifier>{77389c7d-3848-4651-8359-fd15ef877334}</UniqueIdentifier>
    </Filter>
    <Filter Include="01. Utility\03. GameObject\Effect\Manager">
      <UniqueIdentifier>{7d9c8b7d-e0c9-4865-8ca6-dc5192651c54}</UniqueIdentifier>
    </Filter>
    <Filter Include="01. Utility\04. Component\Physics\Terrain">
      <UniqueIdentifier>{f0ef021f-7e42-4745-8ff3-70f82f97c402}</UniqueIdentifier>
    </Filter>
    <Filter Include="01. Utility\04. Component\Camera">
      <UniqueIdentifier>{9bf400f8-d73b-46ca-a4be-593e5c08927d}</UniqueIdentifier>
    </Filter>
    <Filter Include="01. Utility\03. GameObject\Camera\00. Manager">
      <UniqueIdentifier>{366bd772-25ce-4a13-847c-a0bbed2ee259}</UniqueIdentifier>
    </Filter>
    <Filter Include="01. Utility\03. GameObject\Camera\01. CineCamera">
      <UniqueIdentifier>{f3432f59-ee5d-43da-b61f-c8806a260ba0}</UniqueIdentifier>
    </Filter>
    <Filter Include="01. Utility\04. Component\Physics\Callback">
      <UniqueIdentifier>{8a4ad82a-bff5-4e6a-8771-c59f72d88191}</UniqueIdentifier>
    </Filter>
    <Filter Include="01. Utility\04. Component\Physics\Callback\Simulation">
      <UniqueIdentifier>{075840b7-2bc5-46e7-ade1-275a3507959c}</UniqueIdentifier>
    </Filter>
    <Filter Include="01. Utility\04. Component\Physics\Callback\ControllerHit">
      <UniqueIdentifier>{f75143a7-f2c5-4434-b2a6-33ff1f29e333}</UniqueIdentifier>
    </Filter>
    <Filter Include="01. Utility\04. Component\VIBuffer\Trail">
      <UniqueIdentifier>{efc434dd-f22f-4a93-8b10-05cf638dcf5d}</UniqueIdentifier>
    </Filter>
    <Filter Include="01. Utility\04. Component\Physics\Callback\ControllerFilter">
      <UniqueIdentifier>{faab6231-f8b8-4542-a758-e7a3b5aa85d7}</UniqueIdentifier>
    </Filter>
    <Filter Include="01. Utility\04. Component\VIBuffer\Trail\Rope">
      <UniqueIdentifier>{c5c02c7c-0ca3-49f1-9c11-1d52bae32b7f}</UniqueIdentifier>
    </Filter>
    <Filter Include="01. Utility\04. Component\VIBuffer\Instancing_Mesh\SRT">
      <UniqueIdentifier>{2bd10b42-d95b-4677-b0a1-16f49cdac153}</UniqueIdentifier>
    </Filter>
    <Filter Include="01. Utility\05. Renderer\RenderPass">
      <UniqueIdentifier>{f83b138c-b1c1-4efa-a221-804e2d73b29b}</UniqueIdentifier>
    </Filter>
    <Filter Include="01. Utility\05. Renderer\RenderPass\SSAO">
      <UniqueIdentifier>{312e140e-56fb-4bf5-ac63-da351683667c}</UniqueIdentifier>
    </Filter>
    <Filter Include="01. Utility\05. Renderer\RenderPass\Blur">
      <UniqueIdentifier>{09513d17-fd3a-4bce-8260-a4b009f0edca}</UniqueIdentifier>
    </Filter>
    <Filter Include="01. Utility\05. Renderer\RenderPass\Bloom">
      <UniqueIdentifier>{4d6d8411-3168-4edf-be2c-6d1fe9e74692}</UniqueIdentifier>
    </Filter>
    <Filter Include="01. Utility\03. GameObject\Effect\MeshInstEffect">
      <UniqueIdentifier>{5dbdbb8a-4d42-4610-8f54-939368e44745}</UniqueIdentifier>
    </Filter>
    <Filter Include="01. Utility\03. GameObject\Camera\01. CineCamera\00. CineActor">
      <UniqueIdentifier>{025b0da5-5f08-4b14-99e4-09d811369f4d}</UniqueIdentifier>
    </Filter>
    <Filter Include="01. Utility\03. GameObject\Camera\01. CineCamera\99. Data">
      <UniqueIdentifier>{b75fe7a0-efee-4388-8055-1c1c70515396}</UniqueIdentifier>
    </Filter>
    <Filter Include="01. Utility\17. Profiler">
      <UniqueIdentifier>{1126e307-1731-4cb2-8985-b76f1609c1eb}</UniqueIdentifier>
    </Filter>
    <Filter Include="01. Utility\17. Profiler\ScopeProfiler">
      <UniqueIdentifier>{885925b8-e75d-4073-957c-1cd3006772e3}</UniqueIdentifier>
    </Filter>
    <Filter Include="01. Utility\05. Renderer\RenderPass\RadialBlur">
      <UniqueIdentifier>{cb13569b-48b4-4c46-82ce-9a9c5d1fef42}</UniqueIdentifier>
    </Filter>
    <Filter Include="01. Utility\99. SuperClass\DoubleBuffer">
      <UniqueIdentifier>{f635abe2-dca1-448e-ac44-dbd55524baa6}</UniqueIdentifier>
    </Filter>
    <Filter Include="01. Utility\05. Renderer\RenderPass\ShadowMask">
      <UniqueIdentifier>{42ebb253-2fc5-4ace-95cc-19081323d40b}</UniqueIdentifier>
    </Filter>
    <Filter Include="01. Utility\99. SuperClass\FlattenArray">
      <UniqueIdentifier>{5c5ebd47-b5e4-46a9-ad33-8a1b31e93f7c}</UniqueIdentifier>
    </Filter>
    <Filter Include="01. Utility\03. GameObject\Camera\99. Data">
      <UniqueIdentifier>{bf61eca5-1835-45c8-b9c7-f2471f235c6e}</UniqueIdentifier>
    </Filter>
    <Filter Include="01. Utility\99. SuperClass\FlattenArray\3D">
      <UniqueIdentifier>{777f1cd7-ba1b-445c-91ae-6fa65a0a9c62}</UniqueIdentifier>
    </Filter>
    <Filter Include="01. Utility\99. SuperClass\FlattenArray\2D">
      <UniqueIdentifier>{438875f5-4011-438a-8af9-8d181dde97b1}</UniqueIdentifier>
    </Filter>
  </ItemGroup>
  <ItemGroup>
    <ClInclude Include="..\Public\Engine_Defines.h">
      <Filter>99. Defines</Filter>
    </ClInclude>
    <ClInclude Include="..\Public\Engine_Enum.h">
      <Filter>99. Defines</Filter>
    </ClInclude>
    <ClInclude Include="..\Public\Engine_Function.h">
      <Filter>99. Defines</Filter>
    </ClInclude>
    <ClInclude Include="..\Public\Engine_Macro.h">
      <Filter>99. Defines</Filter>
    </ClInclude>
    <ClInclude Include="..\Public\Engine_Struct.h">
      <Filter>99. Defines</Filter>
    </ClInclude>
    <ClInclude Include="..\Public\Engine_Typedef.h">
      <Filter>99. Defines</Filter>
    </ClInclude>
    <ClInclude Include="..\Public\Base.h">
      <Filter>01. Utility\99. SuperClass\Base</Filter>
    </ClInclude>
    <ClInclude Include="..\Public\Timer.h">
      <Filter>00. System\00. Timer</Filter>
    </ClInclude>
    <ClInclude Include="..\Public\Timer_Manager.h">
      <Filter>00. System\00. Timer\Manager</Filter>
    </ClInclude>
    <ClInclude Include="..\Public\GameInstance.h">
      <Filter>01. Utility\00. GameInstance</Filter>
    </ClInclude>
    <ClInclude Include="..\Public\Graphic_Device.h">
      <Filter>00. System\01. Device\Graphic</Filter>
    </ClInclude>
    <ClInclude Include="..\Public\Level_Manager.h">
      <Filter>01. Utility\01. Level\Manager</Filter>
    </ClInclude>
    <ClInclude Include="..\Public\Level.h">
      <Filter>01. Utility\01. Level</Filter>
    </ClInclude>
    <ClInclude Include="..\Public\Prototype_Manager.h">
      <Filter>01. Utility\02. Prototype\Manager</Filter>
    </ClInclude>
    <ClInclude Include="..\Public\GameObject.h">
      <Filter>01. Utility\03. GameObject</Filter>
    </ClInclude>
    <ClInclude Include="..\Public\Layer.h">
      <Filter>01. Utility\03. GameObject\Manager\Layer</Filter>
    </ClInclude>
    <ClInclude Include="..\Public\Object_Manager.h">
      <Filter>01. Utility\03. GameObject\Manager</Filter>
    </ClInclude>
    <ClInclude Include="..\Public\Cloneable.h">
      <Filter>01. Utility\99. SuperClass\Cloneable</Filter>
    </ClInclude>
    <ClInclude Include="..\Public\Renderer.h">
      <Filter>01. Utility\05. Renderer</Filter>
    </ClInclude>
    <ClInclude Include="..\Public\Component.h">
      <Filter>01. Utility\04. Component</Filter>
    </ClInclude>
    <ClInclude Include="..\Public\Transform.h">
      <Filter>01. Utility\04. Component\Transform</Filter>
    </ClInclude>
    <ClInclude Include="..\Public\Texture.h">
      <Filter>01. Utility\04. Component\Texture</Filter>
    </ClInclude>
    <ClInclude Include="..\Public\VIBuffer.h">
      <Filter>01. Utility\04. Component\VIBuffer</Filter>
    </ClInclude>
    <ClInclude Include="..\Public\VIBuffer_Rect.h">
      <Filter>01. Utility\04. Component\VIBuffer\Rect</Filter>
    </ClInclude>
    <ClInclude Include="..\Public\Shader.h">
      <Filter>01. Utility\04. Component\Shader</Filter>
    </ClInclude>
    <ClInclude Include="..\Public\UIObject.h">
      <Filter>01. Utility\03. GameObject\UIObject</Filter>
    </ClInclude>
    <ClInclude Include="..\Public\VIBuffer_Terrain.h">
      <Filter>01. Utility\04. Component\VIBuffer\Terrain</Filter>
    </ClInclude>
    <ClInclude Include="..\Public\Camera.h">
      <Filter>01. Utility\03. GameObject\Camera</Filter>
    </ClInclude>
    <ClInclude Include="..\Public\PipeLine.h">
      <Filter>01. Utility\06. PipeLine</Filter>
    </ClInclude>
    <ClInclude Include="..\Public\Input_Device.h">
      <Filter>00. System\01. Device\Input</Filter>
    </ClInclude>
    <ClInclude Include="..\Public\Light.h">
      <Filter>01. Utility\07. Light</Filter>
    </ClInclude>
    <ClInclude Include="..\Public\Light_Manager.h">
      <Filter>01. Utility\07. Light\Manager</Filter>
    </ClInclude>
    <ClInclude Include="..\Public\Model.h">
      <Filter>01. Utility\04. Component\Model</Filter>
    </ClInclude>
    <ClInclude Include="..\Public\Mesh.h">
      <Filter>01. Utility\04. Component\Model\Mesh</Filter>
    </ClInclude>
    <ClInclude Include="..\Public\Material.h">
      <Filter>01. Utility\04. Component\Model\Material</Filter>
    </ClInclude>
    <ClInclude Include="..\Public\Bone.h">
      <Filter>01. Utility\04. Component\Model\Bone</Filter>
    </ClInclude>
    <ClInclude Include="..\Public\Animation.h">
      <Filter>01. Utility\04. Component\Model\Animation</Filter>
    </ClInclude>
    <ClInclude Include="..\Public\Channel.h">
      <Filter>01. Utility\04. Component\Model\Animation\Channel</Filter>
    </ClInclude>
    <ClInclude Include="..\Public\ContainerObject.h">
      <Filter>01. Utility\03. GameObject\Container</Filter>
    </ClInclude>
    <ClInclude Include="..\Public\PartObject.h">
      <Filter>01. Utility\03. GameObject\Container\Part</Filter>
    </ClInclude>
    <ClInclude Include="..\Public\Navigation.h">
      <Filter>01. Utility\04. Component\Navigation</Filter>
    </ClInclude>
    <ClInclude Include="..\Public\Cell.h">
      <Filter>01. Utility\04. Component\Navigation\Cell</Filter>
    </ClInclude>
    <ClInclude Include="..\Public\VIBuffer_Cell.h">
      <Filter>01. Utility\04. Component\VIBuffer\Cell</Filter>
    </ClInclude>
    <ClInclude Include="..\Public\Collider.h">
      <Filter>01. Utility\04. Component\Collider</Filter>
    </ClInclude>
    <ClInclude Include="..\Public\Bounding.h">
      <Filter>01. Utility\04. Component\Collider\Bounding</Filter>
    </ClInclude>
    <ClInclude Include="..\Public\DebugDraw.h">
      <Filter>01. Utility\04. Component\Collider\DebugDraw</Filter>
    </ClInclude>
    <ClInclude Include="..\Public\Collider_AABB.h">
      <Filter>01. Utility\04. Component\Collider\01. AABB</Filter>
    </ClInclude>
    <ClInclude Include="..\Public\Collider_OBB.h">
      <Filter>01. Utility\04. Component\Collider\02. OBB</Filter>
    </ClInclude>
    <ClInclude Include="..\Public\Collider_Sphere.h">
      <Filter>01. Utility\04. Component\Collider\03. Sphere</Filter>
    </ClInclude>
    <ClInclude Include="..\Public\Shared.h">
      <Filter>01. Utility\99. SuperClass\Shared</Filter>
    </ClInclude>
    <ClInclude Include="..\Public\VIBuffer_Cube.h">
      <Filter>01. Utility\04. Component\VIBuffer\Cube</Filter>
    </ClInclude>
    <ClInclude Include="..\Public\CustomFont.h">
      <Filter>01. Utility\08. Fonts</Filter>
    </ClInclude>
    <ClInclude Include="..\Public\Font_Manager.h">
      <Filter>01. Utility\08. Fonts\Manager</Filter>
    </ClInclude>
    <ClInclude Include="..\Public\VIBuffer_InstancingParticle.h">
      <Filter>01. Utility\04. Component\VIBuffer\Instancing_Particle</Filter>
    </ClInclude>
    <ClInclude Include="..\Public\VIBuffer_Particle_Rect.h">
      <Filter>01. Utility\04. Component\VIBuffer\Instancing_Particle\Rect%28Mesh%29</Filter>
    </ClInclude>
    <ClInclude Include="..\Public\VIBuffer_Particle_Point.h">
      <Filter>01. Utility\04. Component\VIBuffer\Instancing_Particle\Point%28GeometryShader%29</Filter>
    </ClInclude>
    <ClInclude Include="..\Public\DebugRender.h">
      <Filter>00. System\02. DebugRender</Filter>
    </ClInclude>
    <ClInclude Include="..\Public\RenderTarget.h">
      <Filter>01. Utility\09. RenderTargets</Filter>
    </ClInclude>
    <ClInclude Include="..\Public\RenderTarget_Manager.h">
      <Filter>01. Utility\09. RenderTargets\Manager</Filter>
    </ClInclude>
    <ClInclude Include="..\Public\PixelPicking.h">
      <Filter>01. Utility\10. PixelPicking</Filter>
    </ClInclude>
    <ClInclude Include="..\Public\Collision_Manager.h">
      <Filter>01. Utility\12. Collision</Filter>
    </ClInclude>
    <ClInclude Include="..\Public\Shadow.h">
      <Filter>01. Utility\11. Shadow</Filter>
    </ClInclude>
    <ClInclude Include="..\Public\VIBuffer_Sphere.h">
      <Filter>01. Utility\04. Component\VIBuffer\Sphere</Filter>
    </ClInclude>
    <ClInclude Include="..\Public\Sound_Manager.h">
      <Filter>00. System\03. Sound\Manager</Filter>
    </ClInclude>
    <ClInclude Include="..\Public\EffectObject.h">
      <Filter>01. Utility\03. GameObject\Effect</Filter>
    </ClInclude>
    <ClInclude Include="..\Public\Event.h">
      <Filter>01. Utility\13. Event</Filter>
    </ClInclude>
    <ClInclude Include="..\Public\SpringArm.h">
      <Filter>01. Utility\03. GameObject\SpringArm</Filter>
    </ClInclude>
    <ClInclude Include="..\Public\Movement.h">
      <Filter>01. Utility\04. Component\Movement</Filter>
    </ClInclude>
    <ClInclude Include="..\Public\AnimState.h">
      <Filter>01. Utility\14. StateMachine\AnimState</Filter>
    </ClInclude>
    <ClInclude Include="..\Public\StateMachine.h">
      <Filter>01. Utility\14. StateMachine</Filter>
    </ClInclude>
    <ClInclude Include="..\Public\FSM.h">
      <Filter>01. Utility\04. Component\FSM</Filter>
    </ClInclude>
    <ClInclude Include="..\Public\State.h">
      <Filter>01. Utility\04. Component\FSM\State</Filter>
    </ClInclude>
    <ClInclude Include="..\Public\Physics.h">
      <Filter>01. Utility\04. Component\Physics</Filter>
    </ClInclude>
    <ClInclude Include="..\public\Frustum.h">
      <Filter>01. Utility\15. Frustum</Filter>
    </ClInclude>
    <ClInclude Include="..\Public\SpriteEffect.h">
      <Filter>01. Utility\03. GameObject\Effect\SpriteEffect</Filter>
    </ClInclude>
    <ClInclude Include="..\Public\MeshEffect.h">
      <Filter>01. Utility\03. GameObject\Effect\MeshEffect</Filter>
    </ClInclude>
    <ClInclude Include="..\Public\Shader_Compute.h">
      <Filter>01. Utility\04. Component\Shader\Compute</Filter>
    </ClInclude>
    <ClInclude Include="..\Public\VIBuffer_Instancing_Mesh.h">
      <Filter>01. Utility\04. Component\VIBuffer\Instancing_Mesh</Filter>
    </ClInclude>
    <ClInclude Include="..\Public\InputBuffer.h">
      <Filter>01. Utility\16. Input\00. InputBuffer</Filter>
    </ClInclude>
    <ClInclude Include="..\Public\InputGate.h">
      <Filter>01. Utility\16. Input\01. InputGate</Filter>
    </ClInclude>
    <ClInclude Include="..\Public\EInputType.h">
      <Filter>01. Utility\16. Input\99. Data</Filter>
    </ClInclude>
    <ClInclude Include="..\Public\FInput.h">
      <Filter>01. Utility\16. Input\99. Data</Filter>
    </ClInclude>
    <ClInclude Include="..\Public\Physics_Manager.h">
      <Filter>01. Utility\04. Component\Physics\Manager</Filter>
    </ClInclude>
    <ClInclude Include="..\Public\Physics_Convex.h">
      <Filter>01. Utility\04. Component\Physics\Convex</Filter>
    </ClInclude>
    <ClInclude Include="..\Public\Physics_Capsule.h">
      <Filter>01. Utility\04. Component\Physics\Capsule</Filter>
    </ClInclude>
    <ClInclude Include="..\Public\Physics_Mesh.h">
      <Filter>01. Utility\04. Component\Physics\Mesh</Filter>
    </ClInclude>
    <ClInclude Include="..\Public\Physics_Sphere.h">
      <Filter>01. Utility\04. Component\Physics\Sphere</Filter>
    </ClInclude>
    <ClInclude Include="..\Public\Physics_Controller.h">
      <Filter>01. Utility\04. Component\Physics\Controller</Filter>
    </ClInclude>
    <ClInclude Include="..\Public\Physics_Chunk.h">
      <Filter>01. Utility\04. Component\Physics\Chunk</Filter>
    </ClInclude>
    <ClInclude Include="..\Public\Effect_Manager.h">
      <Filter>01. Utility\03. GameObject\Effect\Manager</Filter>
    </ClInclude>
    <ClInclude Include="..\Public\Physics_Terrain.h">
      <Filter>01. Utility\04. Component\Physics\Terrain</Filter>
    </ClInclude>
    <ClInclude Include="..\Public\CameraComponent.h">
      <Filter>01. Utility\04. Component\Camera</Filter>
    </ClInclude>
    <ClInclude Include="..\Public\CameraManager.h">
      <Filter>01. Utility\03. GameObject\Camera\00. Manager</Filter>
    </ClInclude>
    <ClInclude Include="..\Public\CineCamera.h">
      <Filter>01. Utility\03. GameObject\Camera\01. CineCamera</Filter>
    </ClInclude>
    <ClInclude Include="..\Public\Phsics_SimulationCallback.h">
      <Filter>01. Utility\04. Component\Physics\Callback\Simulation</Filter>
    </ClInclude>
    <ClInclude Include="..\Public\Physics_Function.h">
      <Filter>01. Utility\04. Component\Physics</Filter>
    </ClInclude>
    <ClInclude Include="..\Public\Physics_ControllerHitCallback.h">
      <Filter>01. Utility\04. Component\Physics\Callback\ControllerHit</Filter>
    </ClInclude>
    <ClInclude Include="..\Public\VIBuffer_Trail.h">
      <Filter>01. Utility\04. Component\VIBuffer\Trail</Filter>
    </ClInclude>
    <ClInclude Include="..\Public\Physics_ControllerFilterCallback.h">
      <Filter>01. Utility\04. Component\Physics\Callback\ControllerFilter</Filter>
    </ClInclude>
    <ClInclude Include="..\Public\VIBuffer_Rope.h">
      <Filter>01. Utility\04. Component\VIBuffer\Trail\Rope</Filter>
    </ClInclude>
    <ClInclude Include="..\Public\Renderer_Params.h">
      <Filter>01. Utility\05. Renderer</Filter>
    </ClInclude>
    <ClInclude Include="..\Public\RenderPass_SSAO.h">
      <Filter>01. Utility\05. Renderer\RenderPass\SSAO</Filter>
    </ClInclude>
    <ClInclude Include="..\Public\VIBuffer_Instancing_Mesh_SRT.h">
      <Filter>01. Utility\04. Component\VIBuffer\Instancing_Mesh\SRT</Filter>
    </ClInclude>
    <ClInclude Include="..\Public\RenderPass_Bloom.h">
      <Filter>01. Utility\05. Renderer\RenderPass\Bloom</Filter>
    </ClInclude>
    <ClInclude Include="..\Public\MeshInstEffect.h">
      <Filter>01. Utility\03. GameObject\Effect\MeshInstEffect</Filter>
    </ClInclude>
    <ClInclude Include="..\Public\CineActor.h">
      <Filter>01. Utility\03. GameObject\Camera\01. CineCamera\00. CineActor</Filter>
    </ClInclude>
    <ClInclude Include="..\Public\EPath.h">
      <Filter>01. Utility\03. GameObject\Camera\01. CineCamera\99. Data</Filter>
    </ClInclude>
    <ClInclude Include="..\Public\Profiler.h">
      <Filter>01. Utility\17. Profiler</Filter>
    </ClInclude>
    <ClInclude Include="..\Public\ScopeTimer.h">
      <Filter>01. Utility\17. Profiler\ScopeProfiler</Filter>
    </ClInclude>
    <ClInclude Include="..\Public\RenderPass_RadialBlur.h">
      <Filter>01. Utility\05. Renderer\RenderPass\RadialBlur</Filter>
    </ClInclude>
    <ClInclude Include="..\Public\DoubleBuffer.h">
      <Filter>01. Utility\99. SuperClass\DoubleBuffer</Filter>
    </ClInclude>
    <ClInclude Include="..\Public\RenderPass_ShadowMask.h">
      <Filter>01. Utility\05. Renderer\RenderPass\ShadowMask</Filter>
    </ClInclude>
    <ClInclude Include="..\Public\FlattenArray_3D.h">
      <Filter>01. Utility\99. SuperClass\FlattenArray\3D</Filter>
    </ClInclude>
    <ClInclude Include="..\Public\FlattenArray_2D.h">
      <Filter>01. Utility\99. SuperClass\FlattenArray\2D</Filter>
    </ClInclude>
  </ItemGroup>
  <ItemGroup>
    <ClCompile Include="..\Private\Base.cpp">
      <Filter>01. Utility\99. SuperClass\Base</Filter>
    </ClCompile>
    <ClCompile Include="..\Private\Timer.cpp">
      <Filter>00. System\00. Timer</Filter>
    </ClCompile>
    <ClCompile Include="..\Private\Timer_Manager.cpp">
      <Filter>00. System\00. Timer\Manager</Filter>
    </ClCompile>
    <ClCompile Include="..\Private\GameInstance.cpp">
      <Filter>01. Utility\00. GameInstance</Filter>
    </ClCompile>
    <ClCompile Include="..\Private\Graphic_Device.cpp">
      <Filter>00. System\01. Device\Graphic</Filter>
    </ClCompile>
    <ClCompile Include="..\Private\Level_Manager.cpp">
      <Filter>01. Utility\01. Level\Manager</Filter>
    </ClCompile>
    <ClCompile Include="..\Private\Level.cpp">
      <Filter>01. Utility\01. Level</Filter>
    </ClCompile>
    <ClCompile Include="..\Private\Prototype_Manager.cpp">
      <Filter>01. Utility\02. Prototype\Manager</Filter>
    </ClCompile>
    <ClCompile Include="..\Private\GameObject.cpp">
      <Filter>01. Utility\03. GameObject</Filter>
    </ClCompile>
    <ClCompile Include="..\Private\Layer.cpp">
      <Filter>01. Utility\03. GameObject\Manager\Layer</Filter>
    </ClCompile>
    <ClCompile Include="..\Private\Object_Manager.cpp">
      <Filter>01. Utility\03. GameObject\Manager</Filter>
    </ClCompile>
    <ClCompile Include="..\Private\Cloneable.cpp">
      <Filter>01. Utility\99. SuperClass\Cloneable</Filter>
    </ClCompile>
    <ClCompile Include="..\Private\Renderer.cpp">
      <Filter>01. Utility\05. Renderer</Filter>
    </ClCompile>
    <ClCompile Include="..\Private\Component.cpp">
      <Filter>01. Utility\04. Component</Filter>
    </ClCompile>
    <ClCompile Include="..\Private\Transform.cpp">
      <Filter>01. Utility\04. Component\Transform</Filter>
    </ClCompile>
    <ClCompile Include="..\Private\Texture.cpp">
      <Filter>01. Utility\04. Component\Texture</Filter>
    </ClCompile>
    <ClCompile Include="..\Private\VIBuffer.cpp">
      <Filter>01. Utility\04. Component\VIBuffer</Filter>
    </ClCompile>
    <ClCompile Include="..\Private\VIBuffer_Rect.cpp">
      <Filter>01. Utility\04. Component\VIBuffer\Rect</Filter>
    </ClCompile>
    <ClCompile Include="..\Private\Shader.cpp">
      <Filter>01. Utility\04. Component\Shader</Filter>
    </ClCompile>
    <ClCompile Include="..\Private\Engine_Struct.cpp">
      <Filter>99. Defines</Filter>
    </ClCompile>
    <ClCompile Include="..\Private\UIObject.cpp">
      <Filter>01. Utility\03. GameObject\UIObject</Filter>
    </ClCompile>
    <ClCompile Include="..\Private\VIBuffer_Terrain.cpp">
      <Filter>01. Utility\04. Component\VIBuffer\Terrain</Filter>
    </ClCompile>
    <ClCompile Include="..\Private\Camera.cpp">
      <Filter>01. Utility\03. GameObject\Camera</Filter>
    </ClCompile>
    <ClCompile Include="..\Private\PipeLine.cpp">
      <Filter>01. Utility\06. PipeLine</Filter>
    </ClCompile>
    <ClCompile Include="..\Private\Input_Device.cpp">
      <Filter>00. System\01. Device\Input</Filter>
    </ClCompile>
    <ClCompile Include="..\Private\Light.cpp">
      <Filter>01. Utility\07. Light</Filter>
    </ClCompile>
    <ClCompile Include="..\Private\Light_Manager.cpp">
      <Filter>01. Utility\07. Light\Manager</Filter>
    </ClCompile>
    <ClCompile Include="..\Private\Model.cpp">
      <Filter>01. Utility\04. Component\Model</Filter>
    </ClCompile>
    <ClCompile Include="..\Private\Mesh.cpp">
      <Filter>01. Utility\04. Component\Model\Mesh</Filter>
    </ClCompile>
    <ClCompile Include="..\Private\Material.cpp">
      <Filter>01. Utility\04. Component\Model\Material</Filter>
    </ClCompile>
    <ClCompile Include="..\Private\Bone.cpp">
      <Filter>01. Utility\04. Component\Model\Bone</Filter>
    </ClCompile>
    <ClCompile Include="..\Private\Animation.cpp">
      <Filter>01. Utility\04. Component\Model\Animation</Filter>
    </ClCompile>
    <ClCompile Include="..\Private\Channel.cpp">
      <Filter>01. Utility\04. Component\Model\Animation\Channel</Filter>
    </ClCompile>
    <ClCompile Include="..\Private\PartObject.cpp">
      <Filter>01. Utility\03. GameObject\Container\Part</Filter>
    </ClCompile>
    <ClCompile Include="..\Private\Engine_Function.cpp">
      <Filter>99. Defines</Filter>
    </ClCompile>
    <ClCompile Include="..\Private\Navigation.cpp">
      <Filter>01. Utility\04. Component\Navigation</Filter>
    </ClCompile>
    <ClCompile Include="..\Private\Cell.cpp">
      <Filter>01. Utility\04. Component\Navigation\Cell</Filter>
    </ClCompile>
    <ClCompile Include="..\Private\VIBuffer_Cell.cpp">
      <Filter>01. Utility\04. Component\VIBuffer\Cell</Filter>
    </ClCompile>
    <ClCompile Include="..\Private\Collider.cpp">
      <Filter>01. Utility\04. Component\Collider</Filter>
    </ClCompile>
    <ClCompile Include="..\Private\Bounding.cpp">
      <Filter>01. Utility\04. Component\Collider\Bounding</Filter>
    </ClCompile>
    <ClCompile Include="..\Private\DebugDraw.cpp">
      <Filter>01. Utility\04. Component\Collider\DebugDraw</Filter>
    </ClCompile>
    <ClCompile Include="..\Private\Collider_AABB.cpp">
      <Filter>01. Utility\04. Component\Collider\01. AABB</Filter>
    </ClCompile>
    <ClCompile Include="..\Private\Collider_OBB.cpp">
      <Filter>01. Utility\04. Component\Collider\02. OBB</Filter>
    </ClCompile>
    <ClCompile Include="..\Private\Collider_Sphere.cpp">
      <Filter>01. Utility\04. Component\Collider\03. Sphere</Filter>
    </ClCompile>
    <ClCompile Include="..\Private\Shared.cpp">
      <Filter>01. Utility\99. SuperClass\Shared</Filter>
    </ClCompile>
    <ClCompile Include="..\Private\VIBuffer_Cube.cpp">
      <Filter>01. Utility\04. Component\VIBuffer\Cube</Filter>
    </ClCompile>
    <ClCompile Include="..\Private\CustomFont.cpp">
      <Filter>01. Utility\08. Fonts</Filter>
    </ClCompile>
    <ClCompile Include="..\Private\Font_Manager.cpp">
      <Filter>01. Utility\08. Fonts\Manager</Filter>
    </ClCompile>
    <ClCompile Include="..\Private\VIBuffer_InstancingParticle.cpp">
      <Filter>01. Utility\04. Component\VIBuffer\Instancing_Particle</Filter>
    </ClCompile>
    <ClCompile Include="..\Private\VIBuffer_Particle_Rect.cpp">
      <Filter>01. Utility\04. Component\VIBuffer\Instancing_Particle\Rect%28Mesh%29</Filter>
    </ClCompile>
    <ClCompile Include="..\Private\VIBuffer_Particle_Point.cpp">
      <Filter>01. Utility\04. Component\VIBuffer\Instancing_Particle\Point%28GeometryShader%29</Filter>
    </ClCompile>
    <ClCompile Include="..\Private\ContainerObject.cpp">
      <Filter>01. Utility\03. GameObject\Container</Filter>
    </ClCompile>
    <ClCompile Include="..\Private\DebugRender.cpp">
      <Filter>00. System\02. DebugRender</Filter>
    </ClCompile>
    <ClCompile Include="..\Private\RenderTarget.cpp">
      <Filter>01. Utility\09. RenderTargets</Filter>
    </ClCompile>
    <ClCompile Include="..\Private\RenderTarget_Manager.cpp">
      <Filter>01. Utility\09. RenderTargets\Manager</Filter>
    </ClCompile>
    <ClCompile Include="..\Private\PixelPicking.cpp">
      <Filter>01. Utility\10. PixelPicking</Filter>
    </ClCompile>
    <ClCompile Include="..\Private\Collision_Manager.cpp">
      <Filter>01. Utility\12. Collision</Filter>
    </ClCompile>
    <ClCompile Include="..\Private\Shadow.cpp">
      <Filter>01. Utility\11. Shadow</Filter>
    </ClCompile>
    <ClCompile Include="..\Private\VIBuffer_Sphere.cpp">
      <Filter>01. Utility\04. Component\VIBuffer\Sphere</Filter>
    </ClCompile>
    <ClCompile Include="..\Private\Sound_Manager.cpp">
      <Filter>00. System\03. Sound\Manager</Filter>
    </ClCompile>
    <ClCompile Include="..\Private\EffectObject.cpp">
      <Filter>01. Utility\03. GameObject\Effect</Filter>
    </ClCompile>
    <ClCompile Include="..\Private\Event.cpp">
      <Filter>01. Utility\13. Event</Filter>
    </ClCompile>
    <ClCompile Include="..\Private\SpringArm.cpp">
      <Filter>01. Utility\03. GameObject\SpringArm</Filter>
    </ClCompile>
    <ClCompile Include="..\Private\Movement.cpp">
      <Filter>01. Utility\04. Component\Movement</Filter>
    </ClCompile>
    <ClCompile Include="..\Private\AnimState.cpp">
      <Filter>01. Utility\14. StateMachine\AnimState</Filter>
    </ClCompile>
    <ClCompile Include="..\Private\StateMachine.cpp">
      <Filter>01. Utility\14. StateMachine</Filter>
    </ClCompile>
    <ClCompile Include="..\Private\State.cpp">
      <Filter>01. Utility\04. Component\FSM\State</Filter>
    </ClCompile>
    <ClCompile Include="..\Private\FSM.cpp">
      <Filter>01. Utility\04. Component\FSM</Filter>
    </ClCompile>
    <ClCompile Include="..\Private\Physics.cpp">
      <Filter>01. Utility\04. Component\Physics</Filter>
    </ClCompile>
    <ClCompile Include="..\private\Frustum.cpp">
      <Filter>01. Utility\15. Frustum</Filter>
    </ClCompile>
    <ClCompile Include="..\private\VIBuffer_Instancing_Mesh.cpp">
      <Filter>01. Utility\04. Component\VIBuffer\Instancing_Mesh</Filter>
    </ClCompile>
    <ClCompile Include="..\Private\MeshEffect.cpp">
      <Filter>01. Utility\03. GameObject\Effect\MeshEffect</Filter>
    </ClCompile>
    <ClCompile Include="..\Private\SpriteEffect.cpp">
      <Filter>01. Utility\03. GameObject\Effect\SpriteEffect</Filter>
    </ClCompile>
    <ClCompile Include="..\Private\Shader_Compute.cpp">
      <Filter>01. Utility\04. Component\Shader\Compute</Filter>
    </ClCompile>
    <ClCompile Include="..\Private\InputBuffer.cpp">
      <Filter>01. Utility\16. Input\00. InputBuffer</Filter>
    </ClCompile>
    <ClCompile Include="..\Private\InputGate.cpp">
      <Filter>01. Utility\16. Input\01. InputGate</Filter>
    </ClCompile>
    <ClCompile Include="..\Private\Physics_Manager.cpp">
      <Filter>01. Utility\04. Component\Physics\Manager</Filter>
    </ClCompile>
    <ClCompile Include="..\Private\Physics_Convex.cpp">
      <Filter>01. Utility\04. Component\Physics\Convex</Filter>
    </ClCompile>
    <ClCompile Include="..\Private\Physics_Capsule.cpp">
      <Filter>01. Utility\04. Component\Physics\Capsule</Filter>
    </ClCompile>
    <ClCompile Include="..\Private\Physics_Mesh.cpp">
      <Filter>01. Utility\04. Component\Physics\Mesh</Filter>
    </ClCompile>
    <ClCompile Include="..\Private\Physics_Sphere.cpp">
      <Filter>01. Utility\04. Component\Physics\Sphere</Filter>
    </ClCompile>
    <ClCompile Include="..\Private\Physics_Controller.cpp">
      <Filter>01. Utility\04. Component\Physics\Controller</Filter>
    </ClCompile>
    <ClCompile Include="..\Private\Physics_Chunk.cpp">
      <Filter>01. Utility\04. Component\Physics\Chunk</Filter>
    </ClCompile>
    <ClCompile Include="..\Private\Effect_Manager.cpp">
      <Filter>01. Utility\03. GameObject\Effect\Manager</Filter>
    </ClCompile>
    <ClCompile Include="..\Private\Physics_Terrain.cpp">
      <Filter>01. Utility\04. Component\Physics\Terrain</Filter>
    </ClCompile>
    <ClCompile Include="..\Private\CameraComponent.cpp">
      <Filter>01. Utility\04. Component\Camera</Filter>
    </ClCompile>
    <ClCompile Include="..\Private\CameraManager.cpp">
      <Filter>01. Utility\03. GameObject\Camera\00. Manager</Filter>
    </ClCompile>
    <ClCompile Include="..\Private\CineCamera.cpp">
      <Filter>01. Utility\03. GameObject\Camera\01. CineCamera</Filter>
    </ClCompile>
    <ClCompile Include="..\Private\Phsics_SimulationCallback.cpp">
      <Filter>01. Utility\04. Component\Physics\Callback\Simulation</Filter>
    </ClCompile>
    <ClCompile Include="..\Public\Physics_ControllerHitCallback.cpp">
      <Filter>01. Utility\04. Component\Physics\Callback\ControllerHit</Filter>
    </ClCompile>
    <ClCompile Include="..\Private\VIBuffer_Trail.cpp">
      <Filter>01. Utility\04. Component\VIBuffer\Trail</Filter>
    </ClCompile>
    <ClCompile Include="..\Private\Physics_ControllerFilterCallback.cpp">
      <Filter>01. Utility\04. Component\Physics\Callback\ControllerFilter</Filter>
    </ClCompile>
    <ClCompile Include="..\Private\VIBuffer_Rope.cpp">
      <Filter>01. Utility\04. Component\VIBuffer\Trail\Rope</Filter>
    </ClCompile>
    <ClCompile Include="..\Private\RenderPass_SSAO.cpp">
      <Filter>01. Utility\05. Renderer\RenderPass\SSAO</Filter>
    </ClCompile>
    <ClCompile Include="..\Private\VIBuffer_Instancing_Mesh_SRT.cpp">
      <Filter>01. Utility\04. Component\VIBuffer\Instancing_Mesh\SRT</Filter>
    </ClCompile>
    <ClCompile Include="..\Private\RenderPass_Bloom.cpp">
      <Filter>01. Utility\05. Renderer\RenderPass\Bloom</Filter>
    </ClCompile>
    <ClCompile Include="..\Private\MeshInstEffect.cpp">
      <Filter>01. Utility\03. GameObject\Effect\MeshInstEffect</Filter>
    </ClCompile>
    <ClCompile Include="..\Private\CineActor.cpp">
      <Filter>01. Utility\03. GameObject\Camera\01. CineCamera\00. CineActor</Filter>
    </ClCompile>
    <ClCompile Include="..\Private\Profiler.cpp">
      <Filter>01. Utility\17. Profiler</Filter>
    </ClCompile>
    <ClCompile Include="..\Private\ScopeTimer.cpp">
      <Filter>01. Utility\17. Profiler\ScopeProfiler</Filter>
    </ClCompile>
    <ClCompile Include="..\Public\ShaderPasses.h">
      <Filter>01. Utility\05. Renderer</Filter>
    </ClCompile>
    <ClCompile Include="..\Private\RenderPass_RadialBlur.cpp">
      <Filter>01. Utility\05. Renderer\RenderPass\RadialBlur</Filter>
    </ClCompile>
    <ClCompile Include="..\Private\RenderPass_ShadowMask.cpp">
      <Filter>01. Utility\05. Renderer\RenderPass\ShadowMask</Filter>
    </ClCompile>
    <ClCompile Include="..\Private\FlattenArray_3D.cpp">
      <Filter>01. Utility\99. SuperClass\FlattenArray\3D</Filter>
    </ClCompile>
  </ItemGroup>
  <ItemGroup>
    <None Include="..\..\UpdateLib.bat" />
    <None Include="..\Bin\ShaderFiles\Engine_Shader_Defines.hlsli">
      <Filter>02. ShaderFiles</Filter>
    </None>
  </ItemGroup>
  <ItemGroup>
    <FxCompile Include="..\Bin\ShaderFiles\Shader_Cell.hlsl">
      <Filter>02. ShaderFiles</Filter>
    </FxCompile>
    <FxCompile Include="..\Bin\ShaderFiles\Shader_Deferred.hlsl">
      <Filter>02. ShaderFiles</Filter>
    </FxCompile>
    <FxCompile Include="..\Bin\ShaderFiles\Shader_Font.hlsl">
      <Filter>02. ShaderFiles</Filter>
    </FxCompile>
    <FxCompile Include="..\Bin\ShaderFiles\Shader_Compute_Particles.hlsl">
      <Filter>02. ShaderFiles</Filter>
    </FxCompile>
    <FxCompile Include="..\Bin\ShaderFiles\Shader_Lighting.hlsl">
      <Filter>02. ShaderFiles</Filter>
    </FxCompile>
    <FxCompile Include="..\Bin\ShaderFiles\Shader_Shadow.hlsl">
      <Filter>02. ShaderFiles</Filter>
    </FxCompile>
    <FxCompile Include="..\Bin\ShaderFiles\Shader_SSAO.hlsl">
      <Filter>02. ShaderFiles</Filter>
    </FxCompile>
    <FxCompile Include="..\Bin\ShaderFiles\Shader_Compute_MeshPtcl.hlsl">
      <Filter>02. ShaderFiles</Filter>
    </FxCompile>
    <FxCompile Include="..\Bin\ShaderFiles\Shader_Blur.hlsl">
      <Filter>02. ShaderFiles</Filter>
    </FxCompile>
    <FxCompile Include="..\Bin\ShaderFiles\Shader_Debug.hlsl">
      <Filter>02. ShaderFiles</Filter>
    </FxCompile>
  </ItemGroup>
</Project>