<?xml version="1.0" encoding="utf-8"?>
<Project ToolsVersion="4.0" xmlns="http://schemas.microsoft.com/developer/msbuild/2003">
  <ItemGroup>
    <Filter Include="00. MainTool">
      <UniqueIdentifier>{3aab377b-befc-4cdc-82ad-423bf224f695}</UniqueIdentifier>
    </Filter>
    <Filter Include="99. ToolDefine">
      <UniqueIdentifier>{e84169d6-ca43-4604-8de9-0d0e1f782eb2}</UniqueIdentifier>
    </Filter>
    <Filter Include="98. ShaderFile">
      <UniqueIdentifier>{85ccbb12-17f1-461b-aec2-a6733fbdfd46}</UniqueIdentifier>
    </Filter>
    <Filter Include="01. Level">
      <UniqueIdentifier>{7833ebda-879c-47f3-8e86-00b230bf002b}</UniqueIdentifier>
    </Filter>
    <Filter Include="01. Level\01. Logo">
      <UniqueIdentifier>{ae47a602-bdf2-4646-9128-529918326982}</UniqueIdentifier>
    </Filter>
    <Filter Include="01. Level\02. MapTool">
      <UniqueIdentifier>{d2e37b2a-dc3e-40a7-b46d-a3d26406f206}</UniqueIdentifier>
    </Filter>
    <Filter Include="01. Level\99. Loading">
      <UniqueIdentifier>{ed4d6348-cfa4-48a7-b8b5-283c817fa53d}</UniqueIdentifier>
    </Filter>
    <Filter Include="01. Level\99. Loading\Loader">
      <UniqueIdentifier>{369f3366-4b6b-4684-931f-5ea769ac37f6}</UniqueIdentifier>
    </Filter>
    <Filter Include="02. ToolObject">
      <UniqueIdentifier>{a445d254-37d3-4c59-8305-7aab708a0a1d}</UniqueIdentifier>
    </Filter>
    <Filter Include="03. ImGui">
      <UniqueIdentifier>{c2ad63f8-27e3-448f-b3f7-165feed09a5f}</UniqueIdentifier>
    </Filter>
    <Filter Include="03. ImGui\Manager">
      <UniqueIdentifier>{7ae55a1e-d0b8-4a47-9e9a-6076e37a31d9}</UniqueIdentifier>
    </Filter>
    <Filter Include="03. ImGui\etc">
      <UniqueIdentifier>{19336299-ed4d-485f-9905-3e9c2c28ec0e}</UniqueIdentifier>
    </Filter>
    <Filter Include="02. ToolObject\00. StaticObject">
      <UniqueIdentifier>{ead5dfd6-605e-4997-b9a1-0ef9dcf52c44}</UniqueIdentifier>
    </Filter>
    <Filter Include="02. ToolObject\00. StaticObject\Sky">
      <UniqueIdentifier>{bb14c47e-eacb-41ec-a938-e09f4a8601c2}</UniqueIdentifier>
    </Filter>
    <Filter Include="02. ToolObject\00. StaticObject\Terrain">
      <UniqueIdentifier>{cdc95e34-1d91-48ae-ad4d-f84ead54e221}</UniqueIdentifier>
    </Filter>
    <Filter Include="02. ToolObject\00. StaticObject\Camera_Free">
      <UniqueIdentifier>{26baaa5e-8160-4d8e-b3cf-fc17c9387a07}</UniqueIdentifier>
    </Filter>
    <Filter Include="02. ToolObject\00. StaticObject\BackGround">
      <UniqueIdentifier>{454cb567-81c4-4dc8-be2d-a9cccc9bde56}</UniqueIdentifier>
    </Filter>
    <Filter Include="02. ToolObject\03. TopographicObject">
      <UniqueIdentifier>{29dc265f-29e1-42aa-a4c7-64bd7fa86e50}</UniqueIdentifier>
    </Filter>
    <Filter Include="02. ToolObject\04. InstancingObject">
      <UniqueIdentifier>{e82e980d-b8a7-48a7-a3a3-93bb497e7321}</UniqueIdentifier>
    </Filter>
    <Filter Include="02. ToolObject\01. InteractionObject">
      <UniqueIdentifier>{60427ff9-181d-45b2-9f37-14fd40a61e75}</UniqueIdentifier>
    </Filter>
    <Filter Include="02. ToolObject\01. InteractionObject\00. WhelkHouse">
      <UniqueIdentifier>{36b34dbd-c3bc-4eb8-841b-07930e097b29}</UniqueIdentifier>
    </Filter>
    <Filter Include="98. Default">
      <UniqueIdentifier>{4dec69fd-f964-4f63-aad8-d5a47e178014}</UniqueIdentifier>
    </Filter>
    <Filter Include="04. Dialog">
      <UniqueIdentifier>{1eec5870-ae33-436d-bf9b-6238a8bfc63d}</UniqueIdentifier>
    </Filter>
    <Filter Include="03. ImGui\Guizmo">
      <UniqueIdentifier>{e28e7897-3010-4239-8386-25b375b132a6}</UniqueIdentifier>
    </Filter>
    <Filter Include="02. ToolObject\04. InstancingObject\Instancing_Seaweeds">
      <UniqueIdentifier>{51fbf9da-24d7-4c39-b7c8-1eb63ce592f8}</UniqueIdentifier>
    </Filter>
    <Filter Include="02. ToolObject\02. MapObject%28None Interaction%29">
      <UniqueIdentifier>{adb6564d-54cd-4114-ba22-8342f919b8a2}</UniqueIdentifier>
    </Filter>
    <Filter Include="02. ToolObject\04. InstancingObject\Instancing_KelpBig">
      <UniqueIdentifier>{99abcbfa-5868-498e-b760-10b8d9ef2f26}</UniqueIdentifier>
    </Filter>
    <Filter Include="02. ToolObject\04. InstancingObject\Instancing_SeaGrass">
      <UniqueIdentifier>{57d6e5c1-984a-4472-8939-49fa5b6e565e}</UniqueIdentifier>
    </Filter>
    <Filter Include="02. ToolObject\04. InstancingObject\Instancing_KelpGround">
      <UniqueIdentifier>{e8326f86-c8f2-4b17-a3bb-b29579189650}</UniqueIdentifier>
    </Filter>
    <Filter Include="02. ToolObject\01. InteractionObject\01. GrappleNeedle">
      <UniqueIdentifier>{6ee440fb-c1d5-46e6-a8eb-c8d9029e3870}</UniqueIdentifier>
    </Filter>
    <Filter Include="02. ToolObject\01. InteractionObject\02. HeartKelp">
      <UniqueIdentifier>{529bcdfa-cb86-4d00-89b3-0dc2b321157f}</UniqueIdentifier>
    </Filter>
    <Filter Include="02. ToolObject\01. InteractionObject\03. Urchin">
      <UniqueIdentifier>{5d24fdde-4160-4752-a5ab-43b12e0ffdee}</UniqueIdentifier>
    </Filter>
    <Filter Include="02. ToolObject\01. InteractionObject\04. NPC">
      <UniqueIdentifier>{52da55c7-d209-4b55-9d48-86dbd1f79666}</UniqueIdentifier>
    </Filter>
    <Filter Include="02. ToolObject\99. MapTrigger">
      <UniqueIdentifier>{9a840e80-7cd7-44aa-9fc7-55f066e880d9}</UniqueIdentifier>
    </Filter>
    <Filter Include="02. ToolObject\01. InteractionObject\05. Item">
      <UniqueIdentifier>{19e528e0-e6f8-4ba2-85d9-3199a01d84f6}</UniqueIdentifier>
    </Filter>
    <Filter Include="02. ToolObject\01. InteractionObject\06. Monster">
      <UniqueIdentifier>{9bdadbb9-4a65-4b21-ac04-51b7b465414a}</UniqueIdentifier>
    </Filter>
    <Filter Include="02. ToolObject\01. InteractionObject\07. PinBallBarge">
      <UniqueIdentifier>{2024c183-d36d-47fc-adc2-3e31e7cb381d}</UniqueIdentifier>
    </Filter>
    <Filter Include="02. ToolObject\01. InteractionObject\07. PinBallBarge\PinBall">
      <UniqueIdentifier>{d22cec00-081c-4566-8263-37f56d2cdb40}</UniqueIdentifier>
    </Filter>
    <Filter Include="02. ToolObject\01. InteractionObject\08. NonMeshCollider">
      <UniqueIdentifier>{aeeef581-ae15-4d19-a007-b347b808f70b}</UniqueIdentifier>
    </Filter>
    <Filter Include="02. ToolObject\01. InteractionObject\09. RotatePipe">
      <UniqueIdentifier>{fc56c156-4540-4865-af65-9f8874e4939b}</UniqueIdentifier>
    </Filter>
    <Filter Include="02. ToolObject\01. InteractionObject\10. StreamVent">
      <UniqueIdentifier>{3e24ef0a-2fe5-4006-a2dc-a729148a715d}</UniqueIdentifier>
    </Filter>
    <Filter Include="02. ToolObject\01. InteractionObject\11. Sponge">
      <UniqueIdentifier>{02457e28-0a72-40eb-8f59-1520625cad62}</UniqueIdentifier>
    </Filter>
    <Filter Include="02. ToolObject\01. InteractionObject\12. Magnet">
      <UniqueIdentifier>{0f5f6495-9910-4457-b806-e286c3b2c9bb}</UniqueIdentifier>
    </Filter>
    <Filter Include="02. ToolObject\01. InteractionObject\13. Seagull">
      <UniqueIdentifier>{5a9e8599-6825-4c83-808a-caf5c8cdb5a8}</UniqueIdentifier>
    </Filter>
    <Filter Include="02. ToolObject\01. InteractionObject\14. Radio">
      <UniqueIdentifier>{cce8e2a7-ab2d-48bf-a9fd-1cd9ed0e629c}</UniqueIdentifier>
    </Filter>
    <Filter Include="02. ToolObject\01. InteractionObject\15. FakeMoonBrick">
      <UniqueIdentifier>{c8340c80-80ea-4fe7-80d3-107783356c76}</UniqueIdentifier>
    </Filter>
    <Filter Include="02. ToolObject\01. InteractionObject\16. Laser">
      <UniqueIdentifier>{e0a3a486-7550-4454-a655-2aaad56913d4}</UniqueIdentifier>
    </Filter>
  </ItemGroup>
  <ItemGroup>
    <ClInclude Include="..\public\MainTool.h">
      <Filter>00. MainTool</Filter>
    </ClInclude>
    <ClInclude Include="Tool_Define.h">
      <Filter>99. ToolDefine</Filter>
    </ClInclude>
    <ClInclude Include="..\public\MapLevel_Loading.h">
      <Filter>01. Level\99. Loading</Filter>
    </ClInclude>
    <ClInclude Include="..\public\MapLoader.h">
      <Filter>01. Level\99. Loading\Loader</Filter>
    </ClInclude>
    <ClInclude Include="..\Public\BackGround.h">
      <Filter>02. ToolObject\00. StaticObject\BackGround</Filter>
    </ClInclude>
    <ClInclude Include="..\Public\Sky.h">
      <Filter>02. ToolObject\00. StaticObject\Sky</Filter>
    </ClInclude>
    <ClInclude Include="..\Public\Terrain.h">
      <Filter>02. ToolObject\00. StaticObject\Terrain</Filter>
    </ClInclude>
    <ClInclude Include="..\Public\MapLevel_Tool.h">
      <Filter>01. Level\02. MapTool</Filter>
    </ClInclude>
    <ClInclude Include="..\Public\Level_Logo.h">
      <Filter>01. Level\01. Logo</Filter>
    </ClInclude>
    <ClInclude Include="..\Public\Camera_Free.h">
      <Filter>02. ToolObject\00. StaticObject\Camera_Free</Filter>
    </ClInclude>
    <ClInclude Include="..\Public\Imgui_Manager.h">
      <Filter>03. ImGui\Manager</Filter>
    </ClInclude>
    <ClInclude Include="..\..\..\imgui\imgui_impl_dx11.h">
      <Filter>03. ImGui\etc</Filter>
    </ClInclude>
    <ClInclude Include="..\..\..\imgui\imgui_impl_win32.h">
      <Filter>03. ImGui\etc</Filter>
    </ClInclude>
    <ClInclude Include="..\..\..\imgui\imgui_internal.h">
      <Filter>03. ImGui\etc</Filter>
    </ClInclude>
    <ClInclude Include="..\..\..\imgui\imstb_rectpack.h">
      <Filter>03. ImGui\etc</Filter>
    </ClInclude>
    <ClInclude Include="..\..\..\imgui\imstb_textedit.h">
      <Filter>03. ImGui\etc</Filter>
    </ClInclude>
    <ClInclude Include="..\..\..\imgui\imstb_truetype.h">
      <Filter>03. ImGui\etc</Filter>
    </ClInclude>
    <ClInclude Include="..\..\..\imgui\imconfig.h">
      <Filter>03. ImGui\etc</Filter>
    </ClInclude>
    <ClInclude Include="..\..\..\imgui\imgui.h">
      <Filter>03. ImGui\etc</Filter>
    </ClInclude>
    <ClInclude Include="..\public\ShellHouse.h">
      <Filter>02. ToolObject\01. InteractionObject\00. WhelkHouse</Filter>
    </ClInclude>
    <ClInclude Include="framework.h">
      <Filter>98. Default</Filter>
    </ClInclude>
    <ClInclude Include="MapTool.h">
      <Filter>98. Default</Filter>
    </ClInclude>
    <ClInclude Include="pch.h">
      <Filter>98. Default</Filter>
    </ClInclude>
    <ClInclude Include="Resource.h">
      <Filter>98. Default</Filter>
    </ClInclude>
    <ClInclude Include="targetver.h">
      <Filter>98. Default</Filter>
    </ClInclude>
    <ClInclude Include="..\public\Dialog.h">
      <Filter>04. Dialog</Filter>
    </ClInclude>
    <ClInclude Include="..\..\..\imgui\GraphEditor.h">
      <Filter>03. ImGui\Guizmo</Filter>
    </ClInclude>
    <ClInclude Include="..\..\..\imgui\ImCurveEdit.h">
      <Filter>03. ImGui\Guizmo</Filter>
    </ClInclude>
    <ClInclude Include="..\..\..\imgui\ImGradient.h">
      <Filter>03. ImGui\Guizmo</Filter>
    </ClInclude>
    <ClInclude Include="..\..\..\imgui\ImGuizmo.h">
      <Filter>03. ImGui\Guizmo</Filter>
    </ClInclude>
    <ClInclude Include="..\..\..\imgui\ImSequencer.h">
      <Filter>03. ImGui\Guizmo</Filter>
    </ClInclude>
    <ClInclude Include="..\..\..\imgui\ImZoomSlider.h">
      <Filter>03. ImGui\Guizmo</Filter>
    </ClInclude>
    <ClInclude Include="..\public\Instancing_SeaWeeds.h">
      <Filter>02. ToolObject\04. InstancingObject\Instancing_Seaweeds</Filter>
    </ClInclude>
    <ClInclude Include="..\public\MapObject.h">
      <Filter>02. ToolObject\02. MapObject%28None Interaction%29</Filter>
    </ClInclude>
    <ClInclude Include="..\public\Instancing_KelpBig.h">
      <Filter>02. ToolObject\04. InstancingObject\Instancing_KelpBig</Filter>
    </ClInclude>
    <ClInclude Include="..\public\HeartKelp.h">
      <Filter>02. ToolObject\01. InteractionObject\02. HeartKelp</Filter>
    </ClInclude>
    <ClInclude Include="..\public\Instancing_SeaGrass.h">
      <Filter>02. ToolObject\04. InstancingObject\Instancing_SeaGrass</Filter>
    </ClInclude>
    <ClInclude Include="..\public\Instancing_KelpGround.h">
      <Filter>02. ToolObject\04. InstancingObject\Instancing_KelpGround</Filter>
    </ClInclude>
    <ClInclude Include="..\public\GrappleNeedle.h">
      <Filter>02. ToolObject\01. InteractionObject\01. GrappleNeedle</Filter>
    </ClInclude>
    <ClInclude Include="..\Public\Urchin.h">
      <Filter>02. ToolObject\01. InteractionObject\03. Urchin</Filter>
    </ClInclude>
    <ClInclude Include="..\Public\Debug_PostProcess.h">
      <Filter>02. ToolObject</Filter>
    </ClInclude>
    <ClInclude Include="..\Public\MapTrigger.h">
      <Filter>02. ToolObject\99. MapTrigger</Filter>
    </ClInclude>
    <ClInclude Include="..\public\MapTool_NPC.h">
      <Filter>02. ToolObject\01. InteractionObject\04. NPC</Filter>
    </ClInclude>
    <ClInclude Include="..\public\MapTool_Item.h">
      <Filter>02. ToolObject\01. InteractionObject\05. Item</Filter>
    </ClInclude>
    <ClInclude Include="..\public\MapTool_Monster.h">
      <Filter>02. ToolObject\01. InteractionObject\06. Monster</Filter>
    </ClInclude>
    <ClInclude Include="..\public\PinBallBarge.h">
      <Filter>02. ToolObject\01. InteractionObject\07. PinBallBarge</Filter>
    </ClInclude>
    <ClInclude Include="..\public\PinBall_Bumper.h">
      <Filter>02. ToolObject\01. InteractionObject\07. PinBallBarge\PinBall</Filter>
    </ClInclude>
    <ClInclude Include="..\public\PinBall_Flip.h">
      <Filter>02. ToolObject\01. InteractionObject\07. PinBallBarge\PinBall</Filter>
    </ClInclude>
    <ClInclude Include="..\public\PinBall_Spliter.h">
      <Filter>02. ToolObject\01. InteractionObject\07. PinBallBarge\PinBall</Filter>
    </ClInclude>
    <ClInclude Include="..\public\PinBall_Spliter_L.h">
      <Filter>02. ToolObject\01. InteractionObject\07. PinBallBarge\PinBall</Filter>
    </ClInclude>
    <ClInclude Include="..\public\PinBall_Flip_L.h">
      <Filter>02. ToolObject\01. InteractionObject\07. PinBallBarge\PinBall</Filter>
    </ClInclude>
    <ClInclude Include="..\public\NonMeshCollider.h">
      <Filter>02. ToolObject\01. InteractionObject\08. NonMeshCollider</Filter>
    </ClInclude>
    <ClInclude Include="..\public\RotatePipe.h">
      <Filter>02. ToolObject\01. InteractionObject\09. RotatePipe</Filter>
    </ClInclude>
    <ClInclude Include="..\public\RotatePipeFloor.h">
      <Filter>02. ToolObject\01. InteractionObject\09. RotatePipe</Filter>
    </ClInclude>
    <ClInclude Include="..\public\StreamVent.h">
      <Filter>02. ToolObject\01. InteractionObject\10. StreamVent</Filter>
    </ClInclude>
    <ClInclude Include="..\public\Sponge.h">
      <Filter>02. ToolObject\01. InteractionObject\11. Sponge</Filter>
    </ClInclude>
    <ClInclude Include="..\public\Magnet.h">
      <Filter>02. ToolObject\01. InteractionObject\12. Magnet</Filter>
    </ClInclude>
    <ClInclude Include="..\public\Seagull.h">
      <Filter>02. ToolObject\01. InteractionObject\13. Seagull</Filter>
    </ClInclude>
    <ClInclude Include="..\public\Radio.h">
      <Filter>02. ToolObject\01. InteractionObject\14. Radio</Filter>
    </ClInclude>
    <ClInclude Include="..\public\FakeMoonBrick.h">
      <Filter>02. ToolObject\01. InteractionObject\15. FakeMoonBrick</Filter>
    </ClInclude>
    <ClInclude Include="..\public\Laser.h">
      <Filter>02. ToolObject\01. InteractionObject\16. Laser</Filter>
    </ClInclude>
    <ClInclude Include="..\public\Spong.h">
      <Filter>02. ToolObject\01. InteractionObject\11. Sponge</Filter>
    </ClInclude>
  </ItemGroup>
  <ItemGroup>
    <ClCompile Include="..\private\MainTool.cpp">
      <Filter>00. MainTool</Filter>
    </ClCompile>
    <ClCompile Include="..\private\MapLevel_Loading.cpp">
      <Filter>01. Level\99. Loading</Filter>
    </ClCompile>
    <ClCompile Include="..\private\MapLoader.cpp">
      <Filter>01. Level\99. Loading\Loader</Filter>
    </ClCompile>
    <ClCompile Include="..\Private\BackGround.cpp">
      <Filter>02. ToolObject\00. StaticObject\BackGround</Filter>
    </ClCompile>
    <ClCompile Include="..\Private\Sky.cpp">
      <Filter>02. ToolObject\00. StaticObject\Sky</Filter>
    </ClCompile>
    <ClCompile Include="..\Private\Terrain.cpp">
      <Filter>02. ToolObject\00. StaticObject\Terrain</Filter>
    </ClCompile>
    <ClCompile Include="..\Private\MapLevel_Tool.cpp">
      <Filter>01. Level\02. MapTool</Filter>
    </ClCompile>
    <ClCompile Include="..\Private\Level_Logo.cpp">
      <Filter>01. Level\01. Logo</Filter>
    </ClCompile>
    <ClCompile Include="..\Private\Camera_Free.cpp">
      <Filter>02. ToolObject\00. StaticObject\Camera_Free</Filter>
    </ClCompile>
    <ClCompile Include="..\Private\Imgui_Manager.cpp">
      <Filter>03. ImGui\Manager</Filter>
    </ClCompile>
    <ClCompile Include="..\..\..\imgui\imgui_draw.cpp">
      <Filter>03. ImGui\etc</Filter>
    </ClCompile>
    <ClCompile Include="..\..\..\imgui\imgui_impl_dx11.cpp">
      <Filter>03. ImGui\etc</Filter>
    </ClCompile>
    <ClCompile Include="..\..\..\imgui\imgui_impl_win32.cpp">
      <Filter>03. ImGui\etc</Filter>
    </ClCompile>
    <ClCompile Include="..\..\..\imgui\imgui_tables.cpp">
      <Filter>03. ImGui\etc</Filter>
    </ClCompile>
    <ClCompile Include="..\..\..\imgui\imgui_widgets.cpp">
      <Filter>03. ImGui\etc</Filter>
    </ClCompile>
    <ClCompile Include="..\..\..\imgui\imgui.cpp">
      <Filter>03. ImGui\etc</Filter>
    </ClCompile>
    <ClCompile Include="..\..\..\imgui\imgui_demo.cpp">
      <Filter>03. ImGui\etc</Filter>
    </ClCompile>
    <ClCompile Include="..\private\ShellHouse.cpp">
      <Filter>02. ToolObject\01. InteractionObject\00. WhelkHouse</Filter>
    </ClCompile>
    <ClCompile Include="MapTool.cpp">
      <Filter>98. Default</Filter>
    </ClCompile>
    <ClCompile Include="pch.cpp">
      <Filter>98. Default</Filter>
    </ClCompile>
    <ClCompile Include="..\private\Dialog.cpp">
      <Filter>04. Dialog</Filter>
    </ClCompile>
    <ClCompile Include="..\..\..\imgui\GraphEditor.cpp">
      <Filter>03. ImGui\Guizmo</Filter>
    </ClCompile>
    <ClCompile Include="..\..\..\imgui\ImCurveEdit.cpp">
      <Filter>03. ImGui\Guizmo</Filter>
    </ClCompile>
    <ClCompile Include="..\..\..\imgui\ImGradient.cpp">
      <Filter>03. ImGui\Guizmo</Filter>
    </ClCompile>
    <ClCompile Include="..\..\..\imgui\ImGuizmo.cpp">
      <Filter>03. ImGui\Guizmo</Filter>
    </ClCompile>
    <ClCompile Include="..\..\..\imgui\ImSequencer.cpp">
      <Filter>03. ImGui\Guizmo</Filter>
    </ClCompile>
    <ClCompile Include="..\private\Instancing_SeaWeeds.cpp">
      <Filter>02. ToolObject\04. InstancingObject\Instancing_Seaweeds</Filter>
    </ClCompile>
    <ClCompile Include="..\private\MapObject.cpp">
      <Filter>02. ToolObject\02. MapObject%28None Interaction%29</Filter>
    </ClCompile>
    <ClCompile Include="..\private\Instancing_KelpBig.cpp">
      <Filter>02. ToolObject\04. InstancingObject\Instancing_KelpBig</Filter>
    </ClCompile>
    <ClCompile Include="..\private\HeartKelp.cpp">
      <Filter>02. ToolObject\01. InteractionObject\02. HeartKelp</Filter>
    </ClCompile>
    <ClCompile Include="..\private\Instancing_SeaGrass.cpp">
      <Filter>02. ToolObject\04. InstancingObject\Instancing_SeaGrass</Filter>
    </ClCompile>
    <ClCompile Include="..\private\Instancing_KelpGround.cpp">
      <Filter>02. ToolObject\04. InstancingObject\Instancing_KelpGround</Filter>
    </ClCompile>
    <ClCompile Include="..\private\GrappleNeedle.cpp">
      <Filter>02. ToolObject\01. InteractionObject\01. GrappleNeedle</Filter>
    </ClCompile>
    <ClCompile Include="..\Private\Urchin.cpp">
      <Filter>02. ToolObject\01. InteractionObject\03. Urchin</Filter>
    </ClCompile>
    <ClCompile Include="..\Private\Debug_PostProcess.cpp">
      <Filter>02. ToolObject</Filter>
    </ClCompile>
    <ClCompile Include="..\Private\MapTrigger.cpp">
      <Filter>02. ToolObject\99. MapTrigger</Filter>
    </ClCompile>
    <ClCompile Include="..\private\MapTool_NPC.cpp">
      <Filter>02. ToolObject\01. InteractionObject\04. NPC</Filter>
    </ClCompile>
    <ClCompile Include="..\private\MapTool_Item.cpp">
      <Filter>02. ToolObject\01. InteractionObject\05. Item</Filter>
    </ClCompile>
    <ClCompile Include="..\private\MapTool_Monster.cpp">
      <Filter>02. ToolObject\01. InteractionObject\06. Monster</Filter>
    </ClCompile>
    <ClCompile Include="..\private\PinBallBarge.cpp">
      <Filter>02. ToolObject\01. InteractionObject\07. PinBallBarge</Filter>
    </ClCompile>
    <ClCompile Include="..\private\PinBall_Bumper.cpp">
      <Filter>02. ToolObject\01. InteractionObject\07. PinBallBarge\PinBall</Filter>
    </ClCompile>
    <ClCompile Include="..\private\PinBall_Flip.cpp">
      <Filter>02. ToolObject\01. InteractionObject\07. PinBallBarge\PinBall</Filter>
    </ClCompile>
    <ClCompile Include="..\private\PinBall_Spliter.cpp">
      <Filter>02. ToolObject\01. InteractionObject\07. PinBallBarge\PinBall</Filter>
    </ClCompile>
    <ClCompile Include="..\private\PinBall_Spliter_L.cpp">
      <Filter>02. ToolObject\01. InteractionObject\07. PinBallBarge\PinBall</Filter>
    </ClCompile>
    <ClCompile Include="..\private\PinBall_Flip_L.cpp">
      <Filter>02. ToolObject\01. InteractionObject\07. PinBallBarge\PinBall</Filter>
    </ClCompile>
    <ClCompile Include="..\private\NonMeshCollider.cpp">
      <Filter>02. ToolObject\01. InteractionObject\08. NonMeshCollider</Filter>
    </ClCompile>
    <ClCompile Include="..\private\RotatePipe.cpp">
      <Filter>02. ToolObject\01. InteractionObject\09. RotatePipe</Filter>
    </ClCompile>
    <ClCompile Include="..\private\RotatePipeFloor.cpp">
      <Filter>02. ToolObject\01. InteractionObject\09. RotatePipe</Filter>
    </ClCompile>
    <ClCompile Include="..\private\StreamVent.cpp">
      <Filter>02. ToolObject\01. InteractionObject\10. StreamVent</Filter>
    </ClCompile>
    <ClCompile Include="..\private\Sponge.cpp">
      <Filter>02. ToolObject\01. InteractionObject\11. Sponge</Filter>
    </ClCompile>
    <ClCompile Include="..\private\Magnet.cpp">
      <Filter>02. ToolObject\01. InteractionObject\12. Magnet</Filter>
    </ClCompile>
    <ClCompile Include="..\private\Seagull.cpp">
      <Filter>02. ToolObject\01. InteractionObject\13. Seagull</Filter>
    </ClCompile>
    <ClCompile Include="..\private\Radio.cpp">
      <Filter>02. ToolObject\01. InteractionObject\14. Radio</Filter>
    </ClCompile>
    <ClCompile Include="..\private\FakeMoonBrick.cpp">
      <Filter>02. ToolObject\01. InteractionObject\15. FakeMoonBrick</Filter>
    </ClCompile>
    <ClCompile Include="..\private\Laser.cpp">
      <Filter>02. ToolObject\01. InteractionObject\16. Laser</Filter>
    </ClCompile>
    <ClCompile Include="..\private\Spong.cpp">
      <Filter>02. ToolObject\01. InteractionObject\11. Sponge</Filter>
    </ClCompile>
  </ItemGroup>
  <ItemGroup>
    <Image Include="small.ico">
      <Filter>98. Default</Filter>
    </Image>
    <Image Include="MapTool.ico">
      <Filter>98. Default</Filter>
    </Image>
  </ItemGroup>
  <ItemGroup>
    <FxCompile Include="..\Bin\ShaderFiles\Shader_VTXCube.hlsl">
      <Filter>98. ShaderFile</Filter>
    </FxCompile>
    <FxCompile Include="..\Bin\ShaderFiles\Shader_VtxMesh.hlsl">
      <Filter>98. ShaderFile</Filter>
    </FxCompile>
    <FxCompile Include="..\Bin\ShaderFiles\Shader_VtxNorTex.hlsl">
      <Filter>98. ShaderFile</Filter>
    </FxCompile>
    <FxCompile Include="..\Bin\ShaderFiles\Shader_VtxPoint_Particle.hlsl">
      <Filter>98. ShaderFile</Filter>
    </FxCompile>
    <FxCompile Include="..\Bin\ShaderFiles\Shader_VtxPosTex.hlsl">
      <Filter>98. ShaderFile</Filter>
    </FxCompile>
    <FxCompile Include="..\Bin\ShaderFiles\Shader_VtxPosTex_Particle.hlsl">
      <Filter>98. ShaderFile</Filter>
    </FxCompile>
    <FxCompile Include="..\Bin\ShaderFiles\Shader_VtxPosTex_UI.hlsl">
      <Filter>98. ShaderFile</Filter>
    </FxCompile>
    <FxCompile Include="..\Bin\ShaderFiles\Shader_VtxAnimMesh.hlsl">
      <Filter>98. ShaderFile</Filter>
    </FxCompile>
    <FxCompile Include="..\Bin\ShaderFiles\Shader_VtxMesh_Instancing.hlsl">
      <Filter>98. ShaderFile</Filter>
    </FxCompile>
  </ItemGroup>
  <ItemGroup>
    <ResourceCompile Include="MapTool.rc">
      <Filter>98. Default</Filter>
    </ResourceCompile>
  </ItemGroup>
</Project>